{
    "_readme": [
        "This file locks the dependencies of your project to a known state",
        "Read more about it at https://getcomposer.org/doc/01-basic-usage.md#installing-dependencies",
        "This file is @generated automatically"
    ],
    "content-hash": "5fc2a326d7e7b51c42026d8f5a8f69ed",
    "packages": [
        {
            "name": "erusev/parsedown",
            "version": "1.8.0-beta-7",
            "source": {
                "type": "git",
                "url": "https://github.com/erusev/parsedown.git",
                "reference": "fe7a50eceb4a3c867cc9fa9c0aa906b1067d1955"
            },
            "dist": {
                "type": "zip",
                "url": "https://api.github.com/repos/erusev/parsedown/zipball/fe7a50eceb4a3c867cc9fa9c0aa906b1067d1955",
                "reference": "fe7a50eceb4a3c867cc9fa9c0aa906b1067d1955",
                "shasum": ""
            },
            "require": {
                "ext-mbstring": "*",
                "php": ">=5.3.0"
            },
            "require-dev": {
                "phpunit/phpunit": "^4.8.35"
            },
            "type": "library",
            "autoload": {
                "psr-0": {
                    "Parsedown": ""
                }
            },
            "notification-url": "https://packagist.org/downloads/",
            "license": [
                "MIT"
            ],
            "authors": [
                {
                    "name": "Emanuil Rusev",
                    "email": "hello@erusev.com",
                    "homepage": "http://erusev.com"
                }
            ],
            "description": "Parser for Markdown.",
            "homepage": "http://parsedown.org",
            "keywords": [
                "markdown",
                "parser"
            ],
            "time": "2019-03-17T18:47:21+00:00"
        },
        {
            "name": "erusev/parsedown-extra",
            "version": "0.8.0-beta-1",
            "source": {
                "type": "git",
                "url": "https://github.com/erusev/parsedown-extra.git",
                "reference": "e756b1bf8642ab1091403e902b0503f1cec7527d"
            },
            "dist": {
                "type": "zip",
                "url": "https://api.github.com/repos/erusev/parsedown-extra/zipball/e756b1bf8642ab1091403e902b0503f1cec7527d",
                "reference": "e756b1bf8642ab1091403e902b0503f1cec7527d",
                "shasum": ""
            },
            "require": {
                "erusev/parsedown": "^1.8.0|^1.8.0-beta-4",
                "ext-dom": "*",
                "ext-mbstring": "*",
                "php": ">=5.3.6"
            },
            "require-dev": {
                "phpunit/phpunit": "^4.8.35"
            },
            "type": "library",
            "autoload": {
                "psr-0": {
                    "ParsedownExtra": ""
                }
            },
            "notification-url": "https://packagist.org/downloads/",
            "license": [
                "MIT"
            ],
            "authors": [
                {
                    "name": "Emanuil Rusev",
                    "email": "hello@erusev.com",
                    "homepage": "http://erusev.com"
                }
            ],
            "description": "An extension of Parsedown that adds support for Markdown Extra.",
            "homepage": "https://github.com/erusev/parsedown-extra",
            "keywords": [
                "markdown",
                "markdown extra",
                "parsedown",
                "parser"
            ],
            "time": "2018-05-08T21:54:32+00:00"
        },
        {
            "name": "ezyang/htmlpurifier",
            "version": "v4.11.0",
            "source": {
                "type": "git",
                "url": "https://github.com/ezyang/htmlpurifier.git",
                "reference": "83ab08bc1af7d808a9e0fbf024f1c24bfd73c0a7"
            },
            "dist": {
                "type": "zip",
                "url": "https://api.github.com/repos/ezyang/htmlpurifier/zipball/83ab08bc1af7d808a9e0fbf024f1c24bfd73c0a7",
                "reference": "83ab08bc1af7d808a9e0fbf024f1c24bfd73c0a7",
                "shasum": ""
            },
            "require": {
                "php": ">=5.2"
            },
            "require-dev": {
                "simpletest/simpletest": "dev-master#72de02a7b80c6bb8864ef9bf66d41d2f58f826bd"
            },
            "type": "library",
            "autoload": {
                "psr-0": {
                    "HTMLPurifier": "library/"
                },
                "files": [
                    "library/HTMLPurifier.composer.php"
                ]
            },
            "notification-url": "https://packagist.org/downloads/",
            "license": [
                "LGPL-2.1-or-later"
            ],
            "authors": [
                {
                    "name": "Edward Z. Yang",
                    "email": "admin@htmlpurifier.org",
                    "homepage": "http://ezyang.com"
                }
            ],
            "description": "Standards compliant HTML filter written in PHP",
            "homepage": "http://htmlpurifier.org/",
            "keywords": [
                "html"
            ],
            "time": "2019-07-14T18:58:38+00:00"
        },
        {
            "name": "picocms/composer-installer",
            "version": "v1.0.0",
            "source": {
                "type": "git",
                "url": "https://github.com/picocms/composer-installer.git",
                "reference": "67f53e73232c2c7a9b669e36c3fc716cf1f55b58"
            },
            "dist": {
                "type": "zip",
                "url": "https://api.github.com/repos/picocms/composer-installer/zipball/67f53e73232c2c7a9b669e36c3fc716cf1f55b58",
                "reference": "67f53e73232c2c7a9b669e36c3fc716cf1f55b58",
                "shasum": ""
            },
            "type": "composer-installer",
            "extra": {
                "class": "Pico\\Composer\\Installer\\PluginInstaller"
            },
            "autoload": {
                "psr-4": {
                    "Pico\\Composer\\": "src"
                }
            },
            "notification-url": "https://packagist.org/downloads/",
            "license": [
                "MIT"
            ],
            "authors": [
                {
                    "name": "The Pico Community",
                    "homepage": "http://picocms.org/"
                },
                {
                    "name": "Contributors",
                    "homepage": "https://github.com/picocms/composer-installer/graphs/contributors"
                }
            ],
            "description": "A composer plugin responsible for installing plugins and themes for Pico, a stupidly simple, blazing fast, flat file CMS.",
            "homepage": "http://picocms.org/",
            "keywords": [
                "composer",
                "composer-installer",
                "composer-plugin",
                "pico",
                "pico-cms",
                "picocms",
                "picocms-installer",
                "picocms-plugin",
                "picocms-theme"
            ],
            "time": "2017-10-13T20:16:18+00:00"
        },
        {
            "name": "picocms/pico",
            "version": "dev-pico-2.1",
            "source": {
                "type": "git",
                "url": "https://github.com/picocms/Pico.git",
                "reference": "d2573c5df55712b22a1faf98d4dbe3e249f41bf2"
            },
            "dist": {
                "type": "zip",
                "url": "https://api.github.com/repos/picocms/Pico/zipball/d2573c5df55712b22a1faf98d4dbe3e249f41bf2",
                "reference": "d2573c5df55712b22a1faf98d4dbe3e249f41bf2",
                "shasum": ""
            },
            "require": {
                "erusev/parsedown": "~1.8.0|1.8.0@beta",
                "erusev/parsedown-extra": "~0.8.0|0.8.0@beta",
                "ext-dom": "*",
                "php": ">=5.3.6",
                "symfony/yaml": "^2.8",
                "twig/twig": "^1.36"
            },
            "suggest": {
                "picocms/composer-installer": "This Composer plugin is responsible for installing Pico plugins and themes using the Composer package manager.",
                "picocms/pico-deprecated": "PicoDeprecated's purpose is to maintain backward compatibility to older versions of Pico.",
                "picocms/pico-theme": "Pico requires a theme to actually display the contents of your website. This is Pico's official default theme."
            },
            "type": "library",
            "extra": {
                "branch-alias": {
                    "dev-master": "2.0.x-dev",
                    "dev-pico-2.1": "2.1.x-dev"
                }
            },
            "autoload": {
                "psr-0": {
                    "Pico": "lib/",
                    "PicoPluginInterface": "lib/",
                    "AbstractPicoPlugin": "lib/"
                }
            },
            "notification-url": "https://packagist.org/downloads/",
            "license": [
                "MIT"
            ],
            "authors": [
                {
                    "name": "Gilbert Pellegrom",
                    "email": "gilbert@pellegrom.me",
                    "role": "Project Founder"
                },
                {
                    "name": "The Pico Community",
                    "homepage": "http://picocms.org/"
                },
                {
                    "name": "Contributors",
                    "homepage": "https://github.com/picocms/Pico/graphs/contributors"
                }
            ],
            "description": "Pico is a flat file CMS, this means there is no administration backend and database to deal with. You simply create .md files in the \"content\" folder and that becomes a page.",
            "homepage": "http://picocms.org/",
            "keywords": [
                "Simple",
                "cms",
                "content-management",
                "flat-file",
                "markdown",
                "markdown-to-html",
                "php",
                "pico",
                "pico-cms",
                "picocms",
                "twig",
                "website",
                "yaml"
            ],
            "time": "2019-10-20T17:17:42+00:00"
        },
        {
            "name": "picocms/pico-deprecated",
            "version": "dev-pico-2.1",
            "source": {
                "type": "git",
                "url": "https://github.com/picocms/pico-deprecated.git",
                "reference": "154842761fc5f228572d22b27106f603b674b657"
            },
            "dist": {
                "type": "zip",
                "url": "https://api.github.com/repos/picocms/pico-deprecated/zipball/154842761fc5f228572d22b27106f603b674b657",
                "reference": "154842761fc5f228572d22b27106f603b674b657",
                "shasum": ""
            },
            "require": {
                "php": ">=5.3.0",
                "picocms/pico": "self.version"
            },
            "type": "pico-plugin",
            "extra": {
                "branch-alias": {
                    "dev-master": "2.0.x-dev",
                    "dev-pico-2.1": "2.1.x-dev"
                }
            },
            "autoload": {
                "classmap": [
                    "PicoDeprecated.php",
                    "lib/",
                    "plugins/"
                ]
            },
            "notification-url": "https://packagist.org/downloads/",
            "license": [
                "MIT"
            ],
            "authors": [
                {
                    "name": "The Pico Community",
                    "homepage": "http://picocms.org/"
                },
                {
                    "name": "Contributors",
                    "homepage": "https://github.com/picocms/pico-deprecated/graphs/contributors"
                }
            ],
            "description": "This is Pico's official PicoDeprecated plugin. Pico is a stupidly simple, blazing fast, flat file CMS.",
            "homepage": "http://picocms.org/",
            "keywords": [
                "compatibility",
                "deprecation",
                "pico",
                "pico-deprecated",
                "picocms",
                "picocms-plugin"
            ],
            "time": "2019-10-12T12:41:03+00:00"
        },
        {
            "name": "picocms/pico-theme",
            "version": "dev-pico-2.1",
            "source": {
                "type": "git",
                "url": "https://github.com/picocms/pico-theme.git",
                "reference": "fc941aab0c93596a55094072edf2cd46fa7fbe9d"
            },
            "dist": {
                "type": "zip",
                "url": "https://api.github.com/repos/picocms/pico-theme/zipball/fc941aab0c93596a55094072edf2cd46fa7fbe9d",
                "reference": "fc941aab0c93596a55094072edf2cd46fa7fbe9d",
                "shasum": ""
            },
            "require": {
                "picocms/pico": "self.version"
            },
            "type": "pico-theme",
            "extra": {
                "installer-name": "default",
                "branch-alias": {
                    "dev-master": "2.0.x-dev",
                    "dev-pico-2.1": "2.1.x-dev"
                }
            },
            "notification-url": "https://packagist.org/downloads/",
            "license": [
                "MIT"
            ],
            "authors": [
                {
                    "name": "The Pico Community",
                    "homepage": "http://picocms.org/"
                },
                {
                    "name": "Contributors",
                    "homepage": "https://github.com/picocms/pico-theme/graphs/contributors"
                }
            ],
            "description": "This is Pico's official default theme. Pico is a stupidly simple, blazing fast, flat file CMS.",
            "homepage": "http://picocms.org/",
            "keywords": [
                "default-theme",
                "pico",
                "pico-theme",
                "picocms",
                "picocms-theme"
            ],
            "time": "2019-10-12T17:51:34+00:00"
        },
        {
            "name": "symfony/polyfill-ctype",
            "version": "v1.12.0",
            "source": {
                "type": "git",
                "url": "https://github.com/symfony/polyfill-ctype.git",
                "reference": "550ebaac289296ce228a706d0867afc34687e3f4"
            },
            "dist": {
                "type": "zip",
                "url": "https://api.github.com/repos/symfony/polyfill-ctype/zipball/550ebaac289296ce228a706d0867afc34687e3f4",
                "reference": "550ebaac289296ce228a706d0867afc34687e3f4",
                "shasum": ""
            },
            "require": {
                "php": ">=5.3.3"
            },
            "suggest": {
                "ext-ctype": "For best performance"
            },
            "type": "library",
            "extra": {
                "branch-alias": {
                    "dev-master": "1.12-dev"
                }
            },
            "autoload": {
                "psr-4": {
                    "Symfony\\Polyfill\\Ctype\\": ""
                },
                "files": [
                    "bootstrap.php"
                ]
            },
            "notification-url": "https://packagist.org/downloads/",
            "license": [
                "MIT"
            ],
            "authors": [
                {
                    "name": "Gert de Pagter",
                    "email": "BackEndTea@gmail.com"
                },
                {
                    "name": "Symfony Community",
                    "homepage": "https://symfony.com/contributors"
                }
            ],
            "description": "Symfony polyfill for ctype functions",
            "homepage": "https://symfony.com",
            "keywords": [
                "compatibility",
                "ctype",
                "polyfill",
                "portable"
            ],
            "time": "2019-08-06T08:03:45+00:00"
        },
        {
            "name": "symfony/yaml",
            "version": "v2.8.50",
            "source": {
                "type": "git",
                "url": "https://github.com/symfony/yaml.git",
                "reference": "02c1859112aa779d9ab394ae4f3381911d84052b"
            },
            "dist": {
                "type": "zip",
                "url": "https://api.github.com/repos/symfony/yaml/zipball/02c1859112aa779d9ab394ae4f3381911d84052b",
                "reference": "02c1859112aa779d9ab394ae4f3381911d84052b",
                "shasum": ""
            },
            "require": {
                "php": ">=5.3.9",
                "symfony/polyfill-ctype": "~1.8"
            },
            "type": "library",
            "extra": {
                "branch-alias": {
                    "dev-master": "2.8-dev"
                }
            },
            "autoload": {
                "psr-4": {
                    "Symfony\\Component\\Yaml\\": ""
                },
                "exclude-from-classmap": [
                    "/Tests/"
                ]
            },
            "notification-url": "https://packagist.org/downloads/",
            "license": [
                "MIT"
            ],
            "authors": [
                {
                    "name": "Fabien Potencier",
                    "email": "fabien@symfony.com"
                },
                {
                    "name": "Symfony Community",
                    "homepage": "https://symfony.com/contributors"
                }
            ],
            "description": "Symfony Yaml Component",
            "homepage": "https://symfony.com",
            "time": "2018-11-11T11:18:13+00:00"
        },
        {
            "name": "twig/twig",
            "version": "v1.42.3",
            "source": {
                "type": "git",
                "url": "https://github.com/twigphp/Twig.git",
                "reference": "201baee843e0ffe8b0b956f336dd42b2a92fae4e"
            },
            "dist": {
                "type": "zip",
                "url": "https://api.github.com/repos/twigphp/Twig/zipball/201baee843e0ffe8b0b956f336dd42b2a92fae4e",
                "reference": "201baee843e0ffe8b0b956f336dd42b2a92fae4e",
                "shasum": ""
            },
            "require": {
                "php": ">=5.5.0",
                "symfony/polyfill-ctype": "^1.8"
            },
            "require-dev": {
                "psr/container": "^1.0",
                "symfony/debug": "^3.4|^4.2",
                "symfony/phpunit-bridge": "^4.4@dev|^5.0"
            },
            "type": "library",
            "extra": {
                "branch-alias": {
                    "dev-master": "1.42-dev"
                }
            },
            "autoload": {
                "psr-0": {
                    "Twig_": "lib/"
                },
                "psr-4": {
                    "Twig\\": "src/"
                }
            },
            "notification-url": "https://packagist.org/downloads/",
            "license": [
                "BSD-3-Clause"
            ],
            "authors": [
                {
                    "name": "Fabien Potencier",
                    "role": "Lead Developer",
                    "email": "fabien@symfony.com",
                    "homepage": "http://fabien.potencier.org"
                },
                {
                    "name": "Twig Team",
                    "role": "Contributors",
                    "homepage": "https://twig.symfony.com/contributors"
                },
                {
                    "name": "Armin Ronacher",
                    "role": "Project Founder",
                    "email": "armin.ronacher@active-4.com"
                }
            ],
            "description": "Twig, the flexible, fast, and secure template language for PHP",
            "homepage": "https://twig.symfony.com",
            "keywords": [
                "templating"
            ],
            "time": "2019-08-24T12:51:03+00:00"
        },
        {
            "name": "xemlock/htmlpurifier-html5",
            "version": "v0.1.11",
            "source": {
                "type": "git",
                "url": "https://github.com/xemlock/htmlpurifier-html5.git",
                "reference": "f0d563f9fd4a82a3d759043483f9a94c0d8c2255"
            },
            "dist": {
                "type": "zip",
                "url": "https://api.github.com/repos/xemlock/htmlpurifier-html5/zipball/f0d563f9fd4a82a3d759043483f9a94c0d8c2255",
                "reference": "f0d563f9fd4a82a3d759043483f9a94c0d8c2255",
                "shasum": ""
            },
            "require": {
                "ezyang/htmlpurifier": "^4.8",
                "php": ">=5.2"
            },
            "require-dev": {
                "php-coveralls/php-coveralls": "^1.1|^2.1",
                "phpunit/phpunit": ">=4.7 <8.0"
            },
            "type": "library",
            "autoload": {
                "classmap": [
                    "library/HTMLPurifier/"
                ]
            },
            "notification-url": "https://packagist.org/downloads/",
            "license": [
                "MIT"
            ],
            "authors": [
                {
                    "name": "xemlock",
                    "email": "xemlock@gmail.com"
                }
            ],
            "description": "HTML5 element definitions for HTML Purifier",
            "keywords": [
                "HTML5",
                "Purifier",
                "html",
                "htmlpurifier",
                "security",
                "tidy",
                "validator",
                "xss"
            ],
            "time": "2019-08-07T17:19:21+00:00"
        }
    ],
    "packages-dev": [],
    "aliases": [],
    "minimum-stability": "dev",
    "stability-flags": {
        "picocms/pico": 20,
        "picocms/pico-theme": 20,
        "picocms/pico-deprecated": 20
    },
    "prefer-stable": true,
    "prefer-lowest": false,
    "platform": {
        "php": ">=7.0.0",
        "ext-json": "*"
    },
    "platform-dev": []
}
